
Microsoft Visual Studio Solution File, Format Version 12.00
# Visual Studio 15
Project("{FAE04EC0-301F-11D3-BF4B-00C04F79EFBC}") = "LuckyApp", "LuckyApp\LuckyApp.csproj", "{15E5A5AC-F478-4412-A59A-58F7C18F3007}"
EndProject
Global
	GlobalSection(SolutionConfigurationPlatforms) = preSolution
		Debug|Any CPU = Debug|Any CPU
		Release|Any CPU = Release|Any CPU
	EndGlobalSection
	GlobalSection(ProjectConfigurationPlatforms) = postSolution
		{15E5A5AC-F478-4412-A59A-58F7C18F3007}.Debug|Any CPU.ActiveCfg = Debug|Any CPU
		{15E5A5AC-F478-4412-A59A-58F7C18F3007}.Debug|Any CPU.Build.0 = Debug|Any CPU
		{15E5A5AC-F478-4412-A59A-58F7C18F3007}.Release|Any CPU.ActiveCfg = Release|Any CPU
		{15E5A5AC-F478-4412-A59A-58F7C18F3007}.Release|Any CPU.Build.0 = Release|Any CPU
	EndGlobalSection
EndGlobal
